{
  "version": 4,
  "terraform_version": "1.2.7",
  "serial": 38,
  "lineage": "2eec343b-e8e9-6b73-038c-8b212953cffa",
  "outputs": {},
  "resources": [
    {
      "mode": "managed",
      "type": "azurerm_linux_virtual_machine",
      "name": "UtilstopVM",
      "provider": "provider[\"registry.terraform.io/hashicorp/azurerm\"]",
      "instances": [
        {
          "schema_version": 0,
          "attributes": {
            "additional_capabilities": [],
            "admin_password": "Flaplive@123",
            "admin_ssh_key": [],
            "admin_username": "azureuser",
            "allow_extension_operations": true,
            "availability_set_id": "",
            "boot_diagnostics": [],
            "bypass_platform_safety_checks_on_user_schedule_enabled": false,
            "capacity_reservation_group_id": "",
            "computer_name": "Utilstoptest",
            "custom_data": null,
            "dedicated_host_group_id": "",
            "dedicated_host_id": "",
            "disable_password_authentication": false,
            "disk_controller_type": "",
            "edge_zone": "",
            "encryption_at_host_enabled": false,
            "eviction_policy": "",
            "extensions_time_budget": "PT1H30M",
            "gallery_application": [],
            "id": "/subscriptions/55726546-d6c8-4d5f-95ca-2ad588f468ab/resourceGroups/util_stop/providers/Microsoft.Compute/virtualMachines/Utilstoptest",
            "identity": [],
            "license_type": "",
            "location": "eastus",
            "max_bid_price": -1,
            "name": "Utilstoptest",
            "network_interface_ids": [
              "/subscriptions/55726546-d6c8-4d5f-95ca-2ad588f468ab/resourceGroups/util_stop/providers/Microsoft.Network/networkInterfaces/Util_NIC"
            ],
            "os_disk": [
              {
                "caching": "ReadWrite",
                "diff_disk_settings": [],
                "disk_encryption_set_id": "",
                "disk_size_gb": 30,
                "name": "Utilstoptest_OsDisk_1_9788269454b64494851510ba844960af",
                "secure_vm_disk_encryption_set_id": "",
                "security_encryption_type": "",
                "storage_account_type": "Standard_LRS",
                "write_accelerator_enabled": false
              }
            ],
            "os_image_notification": [],
            "patch_assessment_mode": "ImageDefault",
            "patch_mode": "ImageDefault",
            "plan": [],
            "platform_fault_domain": -1,
            "priority": "Regular",
            "private_ip_address": "10.0.2.4",
            "private_ip_addresses": [
              "10.0.2.4"
            ],
            "provision_vm_agent": true,
            "proximity_placement_group_id": "",
            "public_ip_address": "20.25.82.182",
            "public_ip_addresses": [
              "20.25.82.182"
            ],
            "reboot_setting": "",
            "resource_group_name": "util_stop",
            "secret": [],
            "secure_boot_enabled": false,
            "size": "Standard_B2s",
            "source_image_id": "",
            "source_image_reference": [
              {
                "offer": "0001-com-ubuntu-server-jammy",
                "publisher": "Canonical",
                "sku": "22_04-lts",
                "version": "latest"
              }
            ],
            "tags": {},
            "termination_notification": [],
            "timeouts": null,
            "user_data": "",
            "virtual_machine_id": "1f2237ae-42f8-4760-aa89-bc2c93e379b3",
            "virtual_machine_scale_set_id": "",
            "vm_agent_platform_updates_enabled": false,
            "vtpm_enabled": false,
            "zone": ""
          },
          "sensitive_attributes": [],
          "private": "eyJlMmJmYjczMC1lY2FhLTExZTYtOGY4OC0zNDM2M2JjN2M0YzAiOnsiY3JlYXRlIjoyNzAwMDAwMDAwMDAwLCJkZWxldGUiOjI3MDAwMDAwMDAwMDAsInJlYWQiOjMwMDAwMDAwMDAwMCwidXBkYXRlIjoyNzAwMDAwMDAwMDAwfX0=",
          "dependencies": [
            "azurerm_network_interface.TestNIC",
            "azurerm_public_ip.testuspi",
            "azurerm_resource_group.TestRG",
            "azurerm_subnet.TestSN",
            "azurerm_virtual_network.TestVN"
          ]
        }
      ]
    },
    {
      "mode": "managed",
      "type": "azurerm_network_interface",
      "name": "TestNIC",
      "provider": "provider[\"registry.terraform.io/hashicorp/azurerm\"]",
      "instances": [
        {
          "schema_version": 0,
          "attributes": {
            "accelerated_networking_enabled": false,
            "applied_dns_servers": [],
            "auxiliary_mode": "",
            "auxiliary_sku": "",
            "dns_servers": [],
            "edge_zone": "",
            "enable_accelerated_networking": false,
            "enable_ip_forwarding": false,
            "id": "/subscriptions/55726546-d6c8-4d5f-95ca-2ad588f468ab/resourceGroups/util_stop/providers/Microsoft.Network/networkInterfaces/Util_NIC",
            "internal_dns_name_label": "",
            "internal_domain_name_suffix": "lwmpz0revxbexndtuupob54gcc.bx.internal.cloudapp.net",
            "ip_configuration": [
              {
                "gateway_load_balancer_frontend_ip_configuration_id": "",
                "name": "util_stop",
                "primary": true,
                "private_ip_address": "10.0.2.4",
                "private_ip_address_allocation": "Dynamic",
                "private_ip_address_version": "IPv4",
                "public_ip_address_id": "/subscriptions/55726546-d6c8-4d5f-95ca-2ad588f468ab/resourceGroups/util_stop/providers/Microsoft.Network/publicIPAddresses/Util_Publicip",
                "subnet_id": "/subscriptions/55726546-d6c8-4d5f-95ca-2ad588f468ab/resourceGroups/util_stop/providers/Microsoft.Network/virtualNetworks/Util_stop_Vnet/subnets/Util_stop_SN"
              }
            ],
            "ip_forwarding_enabled": false,
            "location": "eastus",
            "mac_address": "00-22-48-2C-A8-66",
            "name": "Util_NIC",
            "private_ip_address": "10.0.2.4",
            "private_ip_addresses": [
              "10.0.2.4"
            ],
            "resource_group_name": "util_stop",
            "tags": {},
            "timeouts": null,
            "virtual_machine_id": "/subscriptions/55726546-d6c8-4d5f-95ca-2ad588f468ab/resourceGroups/util_stop/providers/Microsoft.Compute/virtualMachines/Utilstoptest"
          },
          "sensitive_attributes": [],
          "private": "eyJlMmJmYjczMC1lY2FhLTExZTYtOGY4OC0zNDM2M2JjN2M0YzAiOnsiY3JlYXRlIjoxODAwMDAwMDAwMDAwLCJkZWxldGUiOjE4MDAwMDAwMDAwMDAsInJlYWQiOjMwMDAwMDAwMDAwMCwidXBkYXRlIjoxODAwMDAwMDAwMDAwfX0=",
          "dependencies": [
            "azurerm_public_ip.testuspi",
            "azurerm_resource_group.TestRG",
            "azurerm_subnet.TestSN",
            "azurerm_virtual_network.TestVN"
          ]
        }
      ]
    },
    {
      "mode": "managed",
      "type": "azurerm_network_interface_security_group_association",
      "name": "TestNICAssosiation",
      "provider": "provider[\"registry.terraform.io/hashicorp/azurerm\"]",
      "instances": [
        {
          "schema_version": 0,
          "attributes": {
            "id": "/subscriptions/55726546-d6c8-4d5f-95ca-2ad588f468ab/resourceGroups/util_stop/providers/Microsoft.Network/networkInterfaces/Util_NIC|/subscriptions/55726546-d6c8-4d5f-95ca-2ad588f468ab/resourceGroups/util_stop/providers/Microsoft.Network/networkSecurityGroups/Util_stop_NSG",
            "network_interface_id": "/subscriptions/55726546-d6c8-4d5f-95ca-2ad588f468ab/resourceGroups/util_stop/providers/Microsoft.Network/networkInterfaces/Util_NIC",
            "network_security_group_id": "/subscriptions/55726546-d6c8-4d5f-95ca-2ad588f468ab/resourceGroups/util_stop/providers/Microsoft.Network/networkSecurityGroups/Util_stop_NSG",
            "timeouts": null
          },
          "sensitive_attributes": [],
          "private": "eyJlMmJmYjczMC1lY2FhLTExZTYtOGY4OC0zNDM2M2JjN2M0YzAiOnsiY3JlYXRlIjoxODAwMDAwMDAwMDAwLCJkZWxldGUiOjE4MDAwMDAwMDAwMDAsInJlYWQiOjMwMDAwMDAwMDAwMH19",
          "dependencies": [
            "azurerm_network_interface.TestNIC",
            "azurerm_network_security_group.TestNSG",
            "azurerm_resource_group.TestRG"
          ]
        }
      ]
    },
    {
      "mode": "managed",
      "type": "azurerm_network_security_group",
      "name": "TestNSG",
      "provider": "provider[\"registry.terraform.io/hashicorp/azurerm\"]",
      "instances": [
        {
          "schema_version": 0,
          "attributes": {
            "id": "/subscriptions/55726546-d6c8-4d5f-95ca-2ad588f468ab/resourceGroups/util_stop/providers/Microsoft.Network/networkSecurityGroups/Util_stop_NSG",
            "location": "eastus",
            "name": "Util_stop_NSG",
            "resource_group_name": "util_stop",
            "security_rule": [],
            "tags": null,
            "timeouts": null
          },
          "sensitive_attributes": [],
          "private": "eyJlMmJmYjczMC1lY2FhLTExZTYtOGY4OC0zNDM2M2JjN2M0YzAiOnsiY3JlYXRlIjoxODAwMDAwMDAwMDAwLCJkZWxldGUiOjE4MDAwMDAwMDAwMDAsInJlYWQiOjMwMDAwMDAwMDAwMCwidXBkYXRlIjoxODAwMDAwMDAwMDAwfX0=",
          "dependencies": [
            "azurerm_resource_group.TestRG"
          ]
        }
      ]
    },
    {
      "mode": "managed",
      "type": "azurerm_network_security_rule",
      "name": "inbound_rule_22",
      "provider": "provider[\"registry.terraform.io/hashicorp/azurerm\"]",
      "instances": [
        {
          "schema_version": 0,
          "attributes": {
            "access": "Allow",
            "description": "",
            "destination_address_prefix": "*",
            "destination_address_prefixes": null,
            "destination_application_security_group_ids": null,
            "destination_port_range": "22",
            "destination_port_ranges": null,
            "direction": "Inbound",
            "id": "/subscriptions/55726546-d6c8-4d5f-95ca-2ad588f468ab/resourceGroups/util_stop/providers/Microsoft.Network/networkSecurityGroups/Util_stop_NSG/securityRules/Allow-SSH",
            "name": "Allow-SSH",
            "network_security_group_name": "Util_stop_NSG",
            "priority": 100,
            "protocol": "Tcp",
            "resource_group_name": "util_stop",
            "source_address_prefix": "*",
            "source_address_prefixes": null,
            "source_application_security_group_ids": null,
            "source_port_range": "*",
            "source_port_ranges": null,
            "timeouts": null
          },
          "sensitive_attributes": [],
          "private": "eyJlMmJmYjczMC1lY2FhLTExZTYtOGY4OC0zNDM2M2JjN2M0YzAiOnsiY3JlYXRlIjoxODAwMDAwMDAwMDAwLCJkZWxldGUiOjE4MDAwMDAwMDAwMDAsInJlYWQiOjMwMDAwMDAwMDAwMCwidXBkYXRlIjoxODAwMDAwMDAwMDAwfX0=",
          "dependencies": [
            "azurerm_network_security_group.TestNSG",
            "azurerm_resource_group.TestRG"
          ]
        }
      ]
    },
    {
      "mode": "managed",
      "type": "azurerm_network_security_rule",
      "name": "inbound_rule_443",
      "provider": "provider[\"registry.terraform.io/hashicorp/azurerm\"]",
      "instances": [
        {
          "schema_version": 0,
          "attributes": {
            "access": "Allow",
            "description": "",
            "destination_address_prefix": "*",
            "destination_address_prefixes": null,
            "destination_application_security_group_ids": null,
            "destination_port_range": "443",
            "destination_port_ranges": null,
            "direction": "Inbound",
            "id": "/subscriptions/55726546-d6c8-4d5f-95ca-2ad588f468ab/resourceGroups/util_stop/providers/Microsoft.Network/networkSecurityGroups/Util_stop_NSG/securityRules/Allow-HTTPS",
            "name": "Allow-HTTPS",
            "network_security_group_name": "Util_stop_NSG",
            "priority": 102,
            "protocol": "Tcp",
            "resource_group_name": "util_stop",
            "source_address_prefix": "*",
            "source_address_prefixes": null,
            "source_application_security_group_ids": null,
            "source_port_range": "*",
            "source_port_ranges": null,
            "timeouts": null
          },
          "sensitive_attributes": [],
          "private": "eyJlMmJmYjczMC1lY2FhLTExZTYtOGY4OC0zNDM2M2JjN2M0YzAiOnsiY3JlYXRlIjoxODAwMDAwMDAwMDAwLCJkZWxldGUiOjE4MDAwMDAwMDAwMDAsInJlYWQiOjMwMDAwMDAwMDAwMCwidXBkYXRlIjoxODAwMDAwMDAwMDAwfX0=",
          "dependencies": [
            "azurerm_network_security_group.TestNSG",
            "azurerm_resource_group.TestRG"
          ]
        }
      ]
    },
    {
      "mode": "managed",
      "type": "azurerm_network_security_rule",
      "name": "inbound_rule_80",
      "provider": "provider[\"registry.terraform.io/hashicorp/azurerm\"]",
      "instances": [
        {
          "schema_version": 0,
          "attributes": {
            "access": "Allow",
            "description": "",
            "destination_address_prefix": "*",
            "destination_address_prefixes": null,
            "destination_application_security_group_ids": null,
            "destination_port_range": "80",
            "destination_port_ranges": null,
            "direction": "Inbound",
            "id": "/subscriptions/55726546-d6c8-4d5f-95ca-2ad588f468ab/resourceGroups/util_stop/providers/Microsoft.Network/networkSecurityGroups/Util_stop_NSG/securityRules/Allow-HTTP",
            "name": "Allow-HTTP",
            "network_security_group_name": "Util_stop_NSG",
            "priority": 101,
            "protocol": "Tcp",
            "resource_group_name": "util_stop",
            "source_address_prefix": "*",
            "source_address_prefixes": null,
            "source_application_security_group_ids": null,
            "source_port_range": "*",
            "source_port_ranges": null,
            "timeouts": null
          },
          "sensitive_attributes": [],
          "private": "eyJlMmJmYjczMC1lY2FhLTExZTYtOGY4OC0zNDM2M2JjN2M0YzAiOnsiY3JlYXRlIjoxODAwMDAwMDAwMDAwLCJkZWxldGUiOjE4MDAwMDAwMDAwMDAsInJlYWQiOjMwMDAwMDAwMDAwMCwidXBkYXRlIjoxODAwMDAwMDAwMDAwfX0=",
          "dependencies": [
            "azurerm_network_security_group.TestNSG",
            "azurerm_resource_group.TestRG"
          ]
        }
      ]
    },
    {
      "mode": "managed",
      "type": "azurerm_network_security_rule",
      "name": "outbound_rule_65000",
      "provider": "provider[\"registry.terraform.io/hashicorp/azurerm\"]",
      "instances": [
        {
          "schema_version": 0,
          "attributes": {
            "access": "Allow",
            "description": "",
            "destination_address_prefix": "*",
            "destination_address_prefixes": null,
            "destination_application_security_group_ids": null,
            "destination_port_range": "65000",
            "destination_port_ranges": null,
            "direction": "Outbound",
            "id": "/subscriptions/55726546-d6c8-4d5f-95ca-2ad588f468ab/resourceGroups/util_stop/providers/Microsoft.Network/networkSecurityGroups/Util_stop_NSG/securityRules/Allow-Outbound-65000",
            "name": "Allow-Outbound-65000",
            "network_security_group_name": "Util_stop_NSG",
            "priority": 200,
            "protocol": "Tcp",
            "resource_group_name": "util_stop",
            "source_address_prefix": "*",
            "source_address_prefixes": null,
            "source_application_security_group_ids": null,
            "source_port_range": "*",
            "source_port_ranges": null,
            "timeouts": null
          },
          "sensitive_attributes": [],
          "private": "eyJlMmJmYjczMC1lY2FhLTExZTYtOGY4OC0zNDM2M2JjN2M0YzAiOnsiY3JlYXRlIjoxODAwMDAwMDAwMDAwLCJkZWxldGUiOjE4MDAwMDAwMDAwMDAsInJlYWQiOjMwMDAwMDAwMDAwMCwidXBkYXRlIjoxODAwMDAwMDAwMDAwfX0=",
          "dependencies": [
            "azurerm_network_security_group.TestNSG",
            "azurerm_resource_group.TestRG"
          ]
        }
      ]
    },
    {
      "mode": "managed",
      "type": "azurerm_network_security_rule",
      "name": "outbound_rule_65001",
      "provider": "provider[\"registry.terraform.io/hashicorp/azurerm\"]",
      "instances": [
        {
          "schema_version": 0,
          "attributes": {
            "access": "Allow",
            "description": "",
            "destination_address_prefix": "*",
            "destination_address_prefixes": null,
            "destination_application_security_group_ids": null,
            "destination_port_range": "65001",
            "destination_port_ranges": null,
            "direction": "Outbound",
            "id": "/subscriptions/55726546-d6c8-4d5f-95ca-2ad588f468ab/resourceGroups/util_stop/providers/Microsoft.Network/networkSecurityGroups/Util_stop_NSG/securityRules/Allow-Outbound-65001",
            "name": "Allow-Outbound-65001",
            "network_security_group_name": "Util_stop_NSG",
            "priority": 201,
            "protocol": "Tcp",
            "resource_group_name": "util_stop",
            "source_address_prefix": "*",
            "source_address_prefixes": null,
            "source_application_security_group_ids": null,
            "source_port_range": "*",
            "source_port_ranges": null,
            "timeouts": null
          },
          "sensitive_attributes": [],
          "private": "eyJlMmJmYjczMC1lY2FhLTExZTYtOGY4OC0zNDM2M2JjN2M0YzAiOnsiY3JlYXRlIjoxODAwMDAwMDAwMDAwLCJkZWxldGUiOjE4MDAwMDAwMDAwMDAsInJlYWQiOjMwMDAwMDAwMDAwMCwidXBkYXRlIjoxODAwMDAwMDAwMDAwfX0=",
          "dependencies": [
            "azurerm_network_security_group.TestNSG",
            "azurerm_resource_group.TestRG"
          ]
        }
      ]
    },
    {
      "mode": "managed",
      "type": "azurerm_network_security_rule",
      "name": "outbound_rule_65500",
      "provider": "provider[\"registry.terraform.io/hashicorp/azurerm\"]",
      "instances": [
        {
          "schema_version": 0,
          "attributes": {
            "access": "Allow",
            "description": "",
            "destination_address_prefix": "*",
            "destination_address_prefixes": null,
            "destination_application_security_group_ids": null,
            "destination_port_range": "65500",
            "destination_port_ranges": null,
            "direction": "Outbound",
            "id": "/subscriptions/55726546-d6c8-4d5f-95ca-2ad588f468ab/resourceGroups/util_stop/providers/Microsoft.Network/networkSecurityGroups/Util_stop_NSG/securityRules/Allow-Outbound-65500",
            "name": "Allow-Outbound-65500",
            "network_security_group_name": "Util_stop_NSG",
            "priority": 202,
            "protocol": "Tcp",
            "resource_group_name": "util_stop",
            "source_address_prefix": "*",
            "source_address_prefixes": null,
            "source_application_security_group_ids": null,
            "source_port_range": "*",
            "source_port_ranges": null,
            "timeouts": null
          },
          "sensitive_attributes": [],
          "private": "eyJlMmJmYjczMC1lY2FhLTExZTYtOGY4OC0zNDM2M2JjN2M0YzAiOnsiY3JlYXRlIjoxODAwMDAwMDAwMDAwLCJkZWxldGUiOjE4MDAwMDAwMDAwMDAsInJlYWQiOjMwMDAwMDAwMDAwMCwidXBkYXRlIjoxODAwMDAwMDAwMDAwfX0=",
          "dependencies": [
            "azurerm_network_security_group.TestNSG",
            "azurerm_resource_group.TestRG"
          ]
        }
      ]
    },
    {
      "mode": "managed",
      "type": "azurerm_public_ip",
      "name": "testuspi",
      "provider": "provider[\"registry.terraform.io/hashicorp/azurerm\"]",
      "instances": [
        {
          "schema_version": 0,
          "attributes": {
            "allocation_method": "Dynamic",
            "ddos_protection_mode": "VirtualNetworkInherited",
            "ddos_protection_plan_id": null,
            "domain_name_label": null,
            "edge_zone": "",
            "fqdn": null,
            "id": "/subscriptions/55726546-d6c8-4d5f-95ca-2ad588f468ab/resourceGroups/util_stop/providers/Microsoft.Network/publicIPAddresses/Util_Publicip",
            "idle_timeout_in_minutes": 4,
            "ip_address": "20.25.82.182",
            "ip_tags": {},
            "ip_version": "IPv4",
            "location": "eastus",
            "name": "Util_Publicip",
            "public_ip_prefix_id": null,
            "resource_group_name": "util_stop",
            "reverse_fqdn": null,
            "sku": "Basic",
            "sku_tier": "Regional",
            "tags": {},
            "timeouts": null,
            "zones": []
          },
          "sensitive_attributes": [],
          "private": "eyJlMmJmYjczMC1lY2FhLTExZTYtOGY4OC0zNDM2M2JjN2M0YzAiOnsiY3JlYXRlIjoxODAwMDAwMDAwMDAwLCJkZWxldGUiOjE4MDAwMDAwMDAwMDAsInJlYWQiOjMwMDAwMDAwMDAwMCwidXBkYXRlIjoxODAwMDAwMDAwMDAwfX0=",
          "dependencies": [
            "azurerm_resource_group.TestRG"
          ]
        }
      ]
    },
    {
      "mode": "managed",
      "type": "azurerm_resource_group",
      "name": "TestRG",
      "provider": "provider[\"registry.terraform.io/hashicorp/azurerm\"]",
      "instances": [
        {
          "schema_version": 0,
          "attributes": {
            "id": "/subscriptions/55726546-d6c8-4d5f-95ca-2ad588f468ab/resourceGroups/util_stop",
            "location": "eastus",
            "managed_by": "",
            "name": "util_stop",
            "tags": {},
            "timeouts": null
          },
          "sensitive_attributes": [],
          "private": "eyJlMmJmYjczMC1lY2FhLTExZTYtOGY4OC0zNDM2M2JjN2M0YzAiOnsiY3JlYXRlIjo1NDAwMDAwMDAwMDAwLCJkZWxldGUiOjU0MDAwMDAwMDAwMDAsInJlYWQiOjMwMDAwMDAwMDAwMCwidXBkYXRlIjo1NDAwMDAwMDAwMDAwfX0="
        }
      ]
    },
    {
      "mode": "managed",
      "type": "azurerm_subnet",
      "name": "TestSN",
      "provider": "provider[\"registry.terraform.io/hashicorp/azurerm\"]",
      "instances": [
        {
          "schema_version": 0,
          "attributes": {
            "address_prefixes": [
              "10.0.2.0/24"
            ],
            "default_outbound_access_enabled": true,
            "delegation": [],
            "enforce_private_link_endpoint_network_policies": false,
            "enforce_private_link_service_network_policies": false,
            "id": "/subscriptions/55726546-d6c8-4d5f-95ca-2ad588f468ab/resourceGroups/util_stop/providers/Microsoft.Network/virtualNetworks/Util_stop_Vnet/subnets/Util_stop_SN",
            "name": "Util_stop_SN",
            "private_endpoint_network_policies": "Enabled",
            "private_endpoint_network_policies_enabled": true,
            "private_link_service_network_policies_enabled": true,
            "resource_group_name": "util_stop",
            "service_endpoint_policy_ids": [],
            "service_endpoints": [],
            "timeouts": null,
            "virtual_network_name": "Util_stop_Vnet"
          },
          "sensitive_attributes": [],
          "private": "eyJlMmJmYjczMC1lY2FhLTExZTYtOGY4OC0zNDM2M2JjN2M0YzAiOnsiY3JlYXRlIjoxODAwMDAwMDAwMDAwLCJkZWxldGUiOjE4MDAwMDAwMDAwMDAsInJlYWQiOjMwMDAwMDAwMDAwMCwidXBkYXRlIjoxODAwMDAwMDAwMDAwfX0=",
          "dependencies": [
            "azurerm_resource_group.TestRG",
            "azurerm_virtual_network.TestVN"
          ]
        }
      ]
    },
    {
      "mode": "managed",
      "type": "azurerm_virtual_network",
      "name": "TestVN",
      "provider": "provider[\"registry.terraform.io/hashicorp/azurerm\"]",
      "instances": [
        {
          "schema_version": 0,
          "attributes": {
            "address_space": [
              "10.0.0.0/16"
            ],
            "bgp_community": "",
            "ddos_protection_plan": [],
            "dns_servers": [],
            "edge_zone": "",
            "encryption": [],
            "flow_timeout_in_minutes": 0,
            "guid": "eafc985d-ad24-4bc2-b473-a51ee0ffc612",
            "id": "/subscriptions/55726546-d6c8-4d5f-95ca-2ad588f468ab/resourceGroups/util_stop/providers/Microsoft.Network/virtualNetworks/Util_stop_Vnet",
            "location": "eastus",
            "name": "Util_stop_Vnet",
            "resource_group_name": "util_stop",
            "subnet": [
              {
                "address_prefix": "10.0.2.0/24",
                "id": "/subscriptions/55726546-d6c8-4d5f-95ca-2ad588f468ab/resourceGroups/util_stop/providers/Microsoft.Network/virtualNetworks/Util_stop_Vnet/subnets/Util_stop_SN",
                "name": "Util_stop_SN",
                "security_group": ""
              }
            ],
            "tags": {},
            "timeouts": null
          },
          "sensitive_attributes": [],
          "private": "eyJlMmJmYjczMC1lY2FhLTExZTYtOGY4OC0zNDM2M2JjN2M0YzAiOnsiY3JlYXRlIjoxODAwMDAwMDAwMDAwLCJkZWxldGUiOjE4MDAwMDAwMDAwMDAsInJlYWQiOjMwMDAwMDAwMDAwMCwidXBkYXRlIjoxODAwMDAwMDAwMDAwfSwic2NoZW1hX3ZlcnNpb24iOiIwIn0=",
          "dependencies": [
            "azurerm_resource_group.TestRG"
          ]
        }
      ]
    }
  ]
}
